
Microsoft Visual Studio Solution File, Format Version 12.00
# Visual Studio 2013
VisualStudioVersion = 12.0.31101.0
MinimumVisualStudioVersion = 10.0.40219.1
Project("{FAE04EC0-301F-11D3-BF4B-00C04F79EFBC}") = "SlackWindowsTray", "SlackWindowsTray.csproj", "{1639BE14-2B04-4D3E-B90B-159E870B331A}"
EndProject
Project("{E24C65DC-7377-472B-9ABA-BC803B73C61A}") = "ChromeExtension", "http://localhost:40752", "{41BB2C81-E80E-438B-8B4A-556EBE00E1A8}"
	ProjectSection(WebsiteProperties) = preProject
		UseIISExpress = "true"
		TargetFrameworkMoniker = ".NETFramework,Version%3Dv4.0"
		Debug.AspNetCompiler.VirtualPath = "/localhost_40752"
		Debug.AspNetCompiler.PhysicalPath = "..\ChromeExtension\"
		Debug.AspNetCompiler.TargetPath = "PrecompiledWeb\localhost_40752\"
		Debug.AspNetCompiler.Updateable = "true"
		Debug.AspNetCompiler.ForceOverwrite = "true"
		Debug.AspNetCompiler.FixedNames = "false"
		Debug.AspNetCompiler.Debug = "True"
		Release.AspNetCompiler.VirtualPath = "/localhost_40752"
		Release.AspNetCompiler.PhysicalPath = "..\ChromeExtension\"
		Release.AspNetCompiler.TargetPath = "PrecompiledWeb\localhost_40752\"
		Release.AspNetCompiler.Updateable = "true"
		Release.AspNetCompiler.ForceOverwrite = "true"
		Release.AspNetCompiler.FixedNames = "false"
		Release.AspNetCompiler.Debug = "False"
		SlnRelativePath = "..\ChromeExtension\"
	EndProjectSection
EndProject
Global
	GlobalSection(SolutionConfigurationPlatforms) = preSolution
		Debug|Any CPU = Debug|Any CPU
		Release|Any CPU = Release|Any CPU
	EndGlobalSection
	GlobalSection(ProjectConfigurationPlatforms) = postSolution
		{1639BE14-2B04-4D3E-B90B-159E870B331A}.Debug|Any CPU.ActiveCfg = Debug|Any CPU
		{1639BE14-2B04-4D3E-B90B-159E870B331A}.Debug|Any CPU.Build.0 = Debug|Any CPU
		{1639BE14-2B04-4D3E-B90B-159E870B331A}.Release|Any CPU.ActiveCfg = Release|Any CPU
		{1639BE14-2B04-4D3E-B90B-159E870B331A}.Release|Any CPU.Build.0 = Release|Any CPU
		{41BB2C81-E80E-438B-8B4A-556EBE00E1A8}.Debug|Any CPU.ActiveCfg = Debug|Any CPU
		{41BB2C81-E80E-438B-8B4A-556EBE00E1A8}.Debug|Any CPU.Build.0 = Debug|Any CPU
		{41BB2C81-E80E-438B-8B4A-556EBE00E1A8}.Release|Any CPU.ActiveCfg = Debug|Any CPU
		{41BB2C81-E80E-438B-8B4A-556EBE00E1A8}.Release|Any CPU.Build.0 = Debug|Any CPU
	EndGlobalSection
	GlobalSection(SolutionProperties) = preSolution
		HideSolutionNode = FALSE
	EndGlobalSection
EndGlobal
