
Microsoft Visual Studio Solution File, Format Version 12.00
# Visual Studio 2012
Project("{FAE04EC0-301F-11D3-BF4B-00C04F79EFBC}") = "SlackWindowsTray", "SlackWindowsTray.csproj", "{1639BE14-2B04-4D3E-B90B-159E870B331A}"
EndProject
Global
	GlobalSection(SolutionConfigurationPlatforms) = preSolution
		Debug|Any CPU = Debug|Any CPU
		Release|Any CPU = Release|Any CPU
	EndGlobalSection
	GlobalSection(ProjectConfigurationPlatforms) = postSolution
		{1639BE14-2B04-4D3E-B90B-159E870B331A}.Debug|Any CPU.ActiveCfg = Debug|Any CPU
		{1639BE14-2B04-4D3E-B90B-159E870B331A}.Debug|Any CPU.Build.0 = Debug|Any CPU
		{1639BE14-2B04-4D3E-B90B-159E870B331A}.Release|Any CPU.ActiveCfg = Release|Any CPU
		{1639BE14-2B04-4D3E-B90B-159E870B331A}.Release|Any CPU.Build.0 = Release|Any CPU
	EndGlobalSection
	GlobalSection(SolutionProperties) = preSolution
		HideSolutionNode = FALSE
	EndGlobalSection
EndGlobal
